
Microsoft Visual Studio Solution File, Format Version 12.00
Project("{FAE04EC0-301F-11D3-BF4B-00C04F79EFBC}") = "BasicAssertions", "BasicAssertions\BasicAssertions.csproj", "{8B3D0C71-9D4A-4A9C-B54F-93F0DEC859E4}"
EndProject
Project("{FAE04EC0-301F-11D3-BF4B-00C04F79EFBC}") = "CollectionsAssertions", "CollectionsAssertions\CollectionsAssertions.csproj", "{D941B475-60D3-41DD-BE87-18A9087F895D}"
EndProject
Project("{FAE04EC0-301F-11D3-BF4B-00C04F79EFBC}") = "AsyncAssertions", "AsyncAssertions\AsyncAssertions.csproj", "{7A6EC7C2-23F3-423C-ABC8-418EAE48A469}"
EndProject
Project("{FAE04EC0-301F-11D3-BF4B-00C04F79EFBC}") = "ExceptionsAssertions", "ExceptionsAssertions\ExceptionsAssertions.csproj", "{204B051B-8906-45CA-9FE6-4FCD4D36D9FA}"
EndProject
Project("{FAE04EC0-301F-11D3-BF4B-00C04F79EFBC}") = "EventsAssertions", "EventsAssertions\EventsAssertions.csproj", "{274F2E15-19EC-451D-B1BC-0DB28DA12ECB}"
EndProject
Global
	GlobalSection(SolutionConfigurationPlatforms) = preSolution
		Debug|Any CPU = Debug|Any CPU
		Release|Any CPU = Release|Any CPU
	EndGlobalSection
	GlobalSection(ProjectConfigurationPlatforms) = postSolution
		{8B3D0C71-9D4A-4A9C-B54F-93F0DEC859E4}.Debug|Any CPU.ActiveCfg = Debug|Any CPU
		{8B3D0C71-9D4A-4A9C-B54F-93F0DEC859E4}.Debug|Any CPU.Build.0 = Debug|Any CPU
		{8B3D0C71-9D4A-4A9C-B54F-93F0DEC859E4}.Release|Any CPU.ActiveCfg = Release|Any CPU
		{8B3D0C71-9D4A-4A9C-B54F-93F0DEC859E4}.Release|Any CPU.Build.0 = Release|Any CPU
		{D941B475-60D3-41DD-BE87-18A9087F895D}.Debug|Any CPU.ActiveCfg = Debug|Any CPU
		{D941B475-60D3-41DD-BE87-18A9087F895D}.Debug|Any CPU.Build.0 = Debug|Any CPU
		{D941B475-60D3-41DD-BE87-18A9087F895D}.Release|Any CPU.ActiveCfg = Release|Any CPU
		{D941B475-60D3-41DD-BE87-18A9087F895D}.Release|Any CPU.Build.0 = Release|Any CPU
		{7A6EC7C2-23F3-423C-ABC8-418EAE48A469}.Debug|Any CPU.ActiveCfg = Debug|Any CPU
		{7A6EC7C2-23F3-423C-ABC8-418EAE48A469}.Debug|Any CPU.Build.0 = Debug|Any CPU
		{7A6EC7C2-23F3-423C-ABC8-418EAE48A469}.Release|Any CPU.ActiveCfg = Release|Any CPU
		{7A6EC7C2-23F3-423C-ABC8-418EAE48A469}.Release|Any CPU.Build.0 = Release|Any CPU
		{204B051B-8906-45CA-9FE6-4FCD4D36D9FA}.Debug|Any CPU.ActiveCfg = Debug|Any CPU
		{204B051B-8906-45CA-9FE6-4FCD4D36D9FA}.Debug|Any CPU.Build.0 = Debug|Any CPU
		{204B051B-8906-45CA-9FE6-4FCD4D36D9FA}.Release|Any CPU.ActiveCfg = Release|Any CPU
		{204B051B-8906-45CA-9FE6-4FCD4D36D9FA}.Release|Any CPU.Build.0 = Release|Any CPU
		{274F2E15-19EC-451D-B1BC-0DB28DA12ECB}.Debug|Any CPU.ActiveCfg = Debug|Any CPU
		{274F2E15-19EC-451D-B1BC-0DB28DA12ECB}.Debug|Any CPU.Build.0 = Debug|Any CPU
		{274F2E15-19EC-451D-B1BC-0DB28DA12ECB}.Release|Any CPU.ActiveCfg = Release|Any CPU
		{274F2E15-19EC-451D-B1BC-0DB28DA12ECB}.Release|Any CPU.Build.0 = Release|Any CPU
	EndGlobalSection
EndGlobal
